
Microsoft Visual Studio Solution File, Format Version 12.00
# Visual Studio 2013
VisualStudioVersion = 12.0.30501.0
MinimumVisualStudioVersion = 10.0.40219.1
Project("{FAE04EC0-301F-11D3-BF4B-00C04F79EFBC}") = "TeamProjectPopcorn", "TeamProjectPopcorn\TeamProjectPopcorn.csproj", "{DD4D2F93-3530-4C7D-98FD-B7390B9CE4AE}"
EndProject
Project("{FAE04EC0-301F-11D3-BF4B-00C04F79EFBC}") = "TeamProjectPopcorn.Tests", "TeamProjectPopcorn.Tests\TeamProjectPopcorn.Tests.csproj", "{FE8C0012-C354-464A-B2E6-1C3A7779E3D0}"
EndProject
Global
	GlobalSection(SolutionConfigurationPlatforms) = preSolution
		Debug|Any CPU = Debug|Any CPU
		Release|Any CPU = Release|Any CPU
	EndGlobalSection
	GlobalSection(ProjectConfigurationPlatforms) = postSolution
		{DD4D2F93-3530-4C7D-98FD-B7390B9CE4AE}.Debug|Any CPU.ActiveCfg = Debug|Any CPU
		{DD4D2F93-3530-4C7D-98FD-B7390B9CE4AE}.Debug|Any CPU.Build.0 = Debug|Any CPU
		{DD4D2F93-3530-4C7D-98FD-B7390B9CE4AE}.Release|Any CPU.ActiveCfg = Release|Any CPU
		{DD4D2F93-3530-4C7D-98FD-B7390B9CE4AE}.Release|Any CPU.Build.0 = Release|Any CPU
		{FE8C0012-C354-464A-B2E6-1C3A7779E3D0}.Debug|Any CPU.ActiveCfg = Debug|Any CPU
		{FE8C0012-C354-464A-B2E6-1C3A7779E3D0}.Debug|Any CPU.Build.0 = Debug|Any CPU
		{FE8C0012-C354-464A-B2E6-1C3A7779E3D0}.Release|Any CPU.ActiveCfg = Release|Any CPU
		{FE8C0012-C354-464A-B2E6-1C3A7779E3D0}.Release|Any CPU.Build.0 = Release|Any CPU
	EndGlobalSection
	GlobalSection(SolutionProperties) = preSolution
		HideSolutionNode = FALSE
	EndGlobalSection
EndGlobal
